
Microsoft Visual Studio Solution File, Format Version 12.00
# Visual Studio 15
VisualStudioVersion = 15.0.27703.2018
MinimumVisualStudioVersion = 10.0.40219.1
Project("{FAE04EC0-301F-11D3-BF4B-00C04F79EFBC}") = "WeatherApp", "WeatherApp\WeatherApp.csproj", "{F7F247AB-2C0E-48F2-B18D-4BB9AD48E718}"
EndProject
Global
	GlobalSection(SolutionConfigurationPlatforms) = preSolution
		Debug|Any CPU = Debug|Any CPU
		Release|Any CPU = Release|Any CPU
	EndGlobalSection
	GlobalSection(ProjectConfigurationPlatforms) = postSolution
		{F7F247AB-2C0E-48F2-B18D-4BB9AD48E718}.Debug|Any CPU.ActiveCfg = Debug|Any CPU
		{F7F247AB-2C0E-48F2-B18D-4BB9AD48E718}.Debug|Any CPU.Build.0 = Debug|Any CPU
		{F7F247AB-2C0E-48F2-B18D-4BB9AD48E718}.Release|Any CPU.ActiveCfg = Release|Any CPU
		{F7F247AB-2C0E-48F2-B18D-4BB9AD48E718}.Release|Any CPU.Build.0 = Release|Any CPU
	EndGlobalSection
	GlobalSection(SolutionProperties) = preSolution
		HideSolutionNode = FALSE
	EndGlobalSection
	GlobalSection(ExtensibilityGlobals) = postSolution
		SolutionGuid = {46FEC15B-E7DD-43B4-9793-DB0A7426A2BD}
	EndGlobalSection
EndGlobal
